{
  "name": "JavaScript",
  "lockfileVersion": 3,
  "requires": true,
  "packages": {
    "": {
      "dependencies": {
        "messagebox.js": "^0.5.0"
      }
    },
    "node_modules/messagebox.js": {
      "version": "0.5.0",
      "resolved": "https://registry.npmjs.org/messagebox.js/-/messagebox.js-0.5.0.tgz",
      "integrity": "sha512-I9L1xxR0QtcEZzvg9zZl6ztm1oFI0yqVS0R+K0ojj3owp3f7O9aIW7k4fQxmE0QpO6pNQM6CfSgyt/REAFX9gQ=="
    }
  }
}
